
Microsoft Visual Studio Solution File, Format Version 12.00
# Visual Studio Version 17
VisualStudioVersion = 17.3.32901.215
MinimumVisualStudioVersion = 10.0.40219.1
Project("{FAE04EC0-301F-11D3-BF4B-00C04F79EFBC}") = "ZuneDiscordRPC", "ZuneDiscordRPC\ZuneDiscordRPC.csproj", "{8E4E9961-B897-4F34-9375-E69C84597341}"
EndProject
Global
	GlobalSection(SolutionConfigurationPlatforms) = preSolution
		Debug|x64 = Debug|x64
		Release|x64 = Release|x64
	EndGlobalSection
	GlobalSection(ProjectConfigurationPlatforms) = postSolution
		{8E4E9961-B897-4F34-9375-E69C84597341}.Debug|x64.ActiveCfg = Debug|x64
		{8E4E9961-B897-4F34-9375-E69C84597341}.Debug|x64.Build.0 = Debug|x64
		{8E4E9961-B897-4F34-9375-E69C84597341}.Release|x64.ActiveCfg = Release|x64
		{8E4E9961-B897-4F34-9375-E69C84597341}.Release|x64.Build.0 = Release|x64
	EndGlobalSection
	GlobalSection(SolutionProperties) = preSolution
		HideSolutionNode = FALSE
	EndGlobalSection
	GlobalSection(ExtensibilityGlobals) = postSolution
		SolutionGuid = {65A925C6-16A7-451B-8E15-BA324F6F1B47}
	EndGlobalSection
EndGlobal
